
Microsoft Visual Studio Solution File, Format Version 12.00
# Visual Studio Version 16
VisualStudioVersion = 16.0.31729.503
MinimumVisualStudioVersion = 10.0.40219.1
Project("{2150E333-8FDC-42A3-9474-1A3956D46DE8}") = "Elogroup.BigQuery", "Elogroup.BigQuery", "{B93C4C19-A0C6-4EEE-9D67-35F51B07664A}"
EndProject
Project("{FAE04EC0-301F-11D3-BF4B-00C04F79EFBC}") = "Elogroup.BigQuery", "Elogroup.BigQuery\Elogroup.BigQuery\Elogroup.BigQuery.csproj", "{651873F7-6AF3-4780-84BB-E282A9179862}"
EndProject
Project("{FAE04EC0-301F-11D3-BF4B-00C04F79EFBC}") = "Elogroup.BigQuery.Activities", "Elogroup.BigQuery\Elogroup.BigQuery.Activities\Elogroup.BigQuery.Activities.csproj", "{7FFBF784-ED2C-46D3-B86F-447FDF76F3C3}"
EndProject
Project("{FAE04EC0-301F-11D3-BF4B-00C04F79EFBC}") = "Elogroup.BigQuery.Activities.Design", "Elogroup.BigQuery\Elogroup.BigQuery.Activities.Design\Elogroup.BigQuery.Activities.Design.csproj", "{42EA14A5-5F33-43A2-93E4-6C819DE47673}"
EndProject
Project("{2150E333-8FDC-42A3-9474-1A3956D46DE8}") = "Shared", "Shared", "{5196AC78-B7A8-422C-835C-AAB22299A2E5}"
EndProject
Project("{D954291E-2A0B-460D-934E-DC6B0785DB48}") = "UiPath.Shared.Activities", "Shared\UiPath.Shared.Activities\UiPath.Shared.Activities.shproj", "{4546856D-EA50-45C6-9419-EEEACB5A80AA}"
EndProject
Project("{D954291E-2A0B-460D-934E-DC6B0785DB48}") = "UiPath.Shared.Activities.Design", "Shared\UiPath.Shared.Activities.Design\UiPath.Shared.Activities.Design.shproj", "{DF9C43F0-ADD3-4FBF-995E-84B92F9CBF25}"
EndProject
Global
	GlobalSection(SharedMSBuildProjectFiles) = preSolution
		Shared\UiPath.Shared.Activities.Design\UiPath.Shared.Activities.Design.projitems*{42ea14a5-5f33-43a2-93e4-6c819de47673}*SharedItemsImports = 5
		Shared\UiPath.Shared.Activities\UiPath.Shared.Activities.projitems*{4546856d-ea50-45c6-9419-eeeacb5a80aa}*SharedItemsImports = 13
		Shared\UiPath.Shared.Activities\UiPath.Shared.Activities.projitems*{7ffbf784-ed2c-46d3-b86f-447fdf76f3c3}*SharedItemsImports = 5
		Shared\UiPath.Shared.Activities.Design\UiPath.Shared.Activities.Design.projitems*{df9c43f0-add3-4fbf-995e-84b92f9cbf25}*SharedItemsImports = 13
	EndGlobalSection
	GlobalSection(SolutionConfigurationPlatforms) = preSolution
		Debug|Any CPU = Debug|Any CPU
		Release|Any CPU = Release|Any CPU
	EndGlobalSection
	GlobalSection(ProjectConfigurationPlatforms) = postSolution
		{651873F7-6AF3-4780-84BB-E282A9179862}.Debug|Any CPU.ActiveCfg = Debug|Any CPU
		{651873F7-6AF3-4780-84BB-E282A9179862}.Debug|Any CPU.Build.0 = Debug|Any CPU
		{651873F7-6AF3-4780-84BB-E282A9179862}.Release|Any CPU.ActiveCfg = Release|Any CPU
		{651873F7-6AF3-4780-84BB-E282A9179862}.Release|Any CPU.Build.0 = Release|Any CPU
		{7FFBF784-ED2C-46D3-B86F-447FDF76F3C3}.Debug|Any CPU.ActiveCfg = Debug|Any CPU
		{7FFBF784-ED2C-46D3-B86F-447FDF76F3C3}.Debug|Any CPU.Build.0 = Debug|Any CPU
		{7FFBF784-ED2C-46D3-B86F-447FDF76F3C3}.Release|Any CPU.ActiveCfg = Release|Any CPU
		{7FFBF784-ED2C-46D3-B86F-447FDF76F3C3}.Release|Any CPU.Build.0 = Release|Any CPU
		{42EA14A5-5F33-43A2-93E4-6C819DE47673}.Debug|Any CPU.ActiveCfg = Debug|Any CPU
		{42EA14A5-5F33-43A2-93E4-6C819DE47673}.Debug|Any CPU.Build.0 = Debug|Any CPU
		{42EA14A5-5F33-43A2-93E4-6C819DE47673}.Release|Any CPU.ActiveCfg = Release|Any CPU
		{42EA14A5-5F33-43A2-93E4-6C819DE47673}.Release|Any CPU.Build.0 = Release|Any CPU
	EndGlobalSection
	GlobalSection(SolutionProperties) = preSolution
		HideSolutionNode = FALSE
	EndGlobalSection
	GlobalSection(NestedProjects) = preSolution
		{651873F7-6AF3-4780-84BB-E282A9179862} = {B93C4C19-A0C6-4EEE-9D67-35F51B07664A}
		{7FFBF784-ED2C-46D3-B86F-447FDF76F3C3} = {B93C4C19-A0C6-4EEE-9D67-35F51B07664A}
		{42EA14A5-5F33-43A2-93E4-6C819DE47673} = {B93C4C19-A0C6-4EEE-9D67-35F51B07664A}
		{4546856D-EA50-45C6-9419-EEEACB5A80AA} = {5196AC78-B7A8-422C-835C-AAB22299A2E5}
		{DF9C43F0-ADD3-4FBF-995E-84B92F9CBF25} = {5196AC78-B7A8-422C-835C-AAB22299A2E5}
	EndGlobalSection
	GlobalSection(ExtensibilityGlobals) = postSolution
		SolutionGuid = {12F2C71A-61EE-4452-AF35-9720C180C4F7}
	EndGlobalSection
EndGlobal
